
Microsoft Visual Studio Solution File, Format Version 12.00
# Visual Studio Version 17
VisualStudioVersion = 17.2.32505.173
MinimumVisualStudioVersion = 10.0.40219.1
Project("{FAE04EC0-301F-11D3-BF4B-00C04F79EFBC}") = "UsingADO.NET", "UsingADO.NET\UsingADO.NET.csproj", "{78211094-B560-423E-8F5A-E826C8756366}"
EndProject
Global
	GlobalSection(SolutionConfigurationPlatforms) = preSolution
		Debug|Any CPU = Debug|Any CPU
		Release|Any CPU = Release|Any CPU
	EndGlobalSection
	GlobalSection(ProjectConfigurationPlatforms) = postSolution
		{78211094-B560-423E-8F5A-E826C8756366}.Debug|Any CPU.ActiveCfg = Debug|Any CPU
		{78211094-B560-423E-8F5A-E826C8756366}.Debug|Any CPU.Build.0 = Debug|Any CPU
		{78211094-B560-423E-8F5A-E826C8756366}.Release|Any CPU.ActiveCfg = Release|Any CPU
		{78211094-B560-423E-8F5A-E826C8756366}.Release|Any CPU.Build.0 = Release|Any CPU
	EndGlobalSection
	GlobalSection(SolutionProperties) = preSolution
		HideSolutionNode = FALSE
	EndGlobalSection
	GlobalSection(ExtensibilityGlobals) = postSolution
		SolutionGuid = {E874DEFE-6E53-42D2-826E-D5C1214FFF96}
	EndGlobalSection
EndGlobal
